
Microsoft Visual Studio Solution File, Format Version 12.00
# Visual Studio 15
VisualStudioVersion = 15.0.27130.2026
MinimumVisualStudioVersion = 10.0.40219.1
Project("{FAE04EC0-301F-11D3-BF4B-00C04F79EFBC}") = "CompositeExample", "CompositeExample\CompositeExample.csproj", "{DE2A1FBF-0BD1-4113-90A1-3DB02CABE21C}"
EndProject
Project("{FAE04EC0-301F-11D3-BF4B-00C04F79EFBC}") = "CompositeImplementation", "CompositeImplementation\CompositeImplementation.csproj", "{15E8BE3D-7D07-4921-98DE-0A6BDEBB5166}"
EndProject
Global
	GlobalSection(SolutionConfigurationPlatforms) = preSolution
		Debug|Any CPU = Debug|Any CPU
		Release|Any CPU = Release|Any CPU
	EndGlobalSection
	GlobalSection(ProjectConfigurationPlatforms) = postSolution
		{DE2A1FBF-0BD1-4113-90A1-3DB02CABE21C}.Debug|Any CPU.ActiveCfg = Debug|Any CPU
		{DE2A1FBF-0BD1-4113-90A1-3DB02CABE21C}.Debug|Any CPU.Build.0 = Debug|Any CPU
		{DE2A1FBF-0BD1-4113-90A1-3DB02CABE21C}.Release|Any CPU.ActiveCfg = Release|Any CPU
		{DE2A1FBF-0BD1-4113-90A1-3DB02CABE21C}.Release|Any CPU.Build.0 = Release|Any CPU
		{15E8BE3D-7D07-4921-98DE-0A6BDEBB5166}.Debug|Any CPU.ActiveCfg = Debug|Any CPU
		{15E8BE3D-7D07-4921-98DE-0A6BDEBB5166}.Debug|Any CPU.Build.0 = Debug|Any CPU
		{15E8BE3D-7D07-4921-98DE-0A6BDEBB5166}.Release|Any CPU.ActiveCfg = Release|Any CPU
		{15E8BE3D-7D07-4921-98DE-0A6BDEBB5166}.Release|Any CPU.Build.0 = Release|Any CPU
	EndGlobalSection
	GlobalSection(SolutionProperties) = preSolution
		HideSolutionNode = FALSE
	EndGlobalSection
	GlobalSection(ExtensibilityGlobals) = postSolution
		SolutionGuid = {5EAEEA39-E9BE-4013-B754-92B7C9AF6FB3}
	EndGlobalSection
EndGlobal
