
Microsoft Visual Studio Solution File, Format Version 12.00
# Visual Studio 15
VisualStudioVersion = 15.0.28307.757
MinimumVisualStudioVersion = 10.0.40219.1
Project("{FAE04EC0-301F-11D3-BF4B-00C04F79EFBC}") = "ObserverExample", "ObserverExample\ObserverExample.csproj", "{3F0A9C56-5AB6-41B1-A3FF-87435213BC8F}"
EndProject
Project("{FAE04EC0-301F-11D3-BF4B-00C04F79EFBC}") = "ObserverImplementation", "ObserverImplementation\ObserverImplementation.csproj", "{F501FD2A-E5ED-42BC-A416-FDB700E2872A}"
EndProject
Global
	GlobalSection(SolutionConfigurationPlatforms) = preSolution
		Debug|Any CPU = Debug|Any CPU
		Release|Any CPU = Release|Any CPU
	EndGlobalSection
	GlobalSection(ProjectConfigurationPlatforms) = postSolution
		{3F0A9C56-5AB6-41B1-A3FF-87435213BC8F}.Debug|Any CPU.ActiveCfg = Debug|Any CPU
		{3F0A9C56-5AB6-41B1-A3FF-87435213BC8F}.Debug|Any CPU.Build.0 = Debug|Any CPU
		{3F0A9C56-5AB6-41B1-A3FF-87435213BC8F}.Release|Any CPU.ActiveCfg = Release|Any CPU
		{3F0A9C56-5AB6-41B1-A3FF-87435213BC8F}.Release|Any CPU.Build.0 = Release|Any CPU
		{F501FD2A-E5ED-42BC-A416-FDB700E2872A}.Debug|Any CPU.ActiveCfg = Debug|Any CPU
		{F501FD2A-E5ED-42BC-A416-FDB700E2872A}.Debug|Any CPU.Build.0 = Debug|Any CPU
		{F501FD2A-E5ED-42BC-A416-FDB700E2872A}.Release|Any CPU.ActiveCfg = Release|Any CPU
		{F501FD2A-E5ED-42BC-A416-FDB700E2872A}.Release|Any CPU.Build.0 = Release|Any CPU
	EndGlobalSection
	GlobalSection(SolutionProperties) = preSolution
		HideSolutionNode = FALSE
	EndGlobalSection
	GlobalSection(ExtensibilityGlobals) = postSolution
		SolutionGuid = {7B96EEDD-FDAE-4C7F-88CC-7CA0651BCE9D}
	EndGlobalSection
EndGlobal
